
Microsoft Visual Studio Solution File, Format Version 12.00
# Visual Studio Version 17
VisualStudioVersion = 17.0.31919.166
MinimumVisualStudioVersion = 10.0.40219.1
Project("{9A19103F-16F7-4668-BE54-9A1E7A4F7556}") = "EgeBot", "AooCore\EgeBot.csproj", "{1E6106D8-FD86-4B6F-988E-CBAB782228FC}"
EndProject
Global
	GlobalSection(SolutionConfigurationPlatforms) = preSolution
		Debug|Any CPU = Debug|Any CPU
		Debug|x86 = Debug|x86
		Release|Any CPU = Release|Any CPU
		Release|x86 = Release|x86
	EndGlobalSection
	GlobalSection(ProjectConfigurationPlatforms) = postSolution
		{1E6106D8-FD86-4B6F-988E-CBAB782228FC}.Debug|Any CPU.ActiveCfg = Debug|Any CPU
		{1E6106D8-FD86-4B6F-988E-CBAB782228FC}.Debug|Any CPU.Build.0 = Debug|Any CPU
		{1E6106D8-FD86-4B6F-988E-CBAB782228FC}.Debug|x86.ActiveCfg = Debug|x86
		{1E6106D8-FD86-4B6F-988E-CBAB782228FC}.Debug|x86.Build.0 = Debug|x86
		{1E6106D8-FD86-4B6F-988E-CBAB782228FC}.Release|Any CPU.ActiveCfg = Release|Any CPU
		{1E6106D8-FD86-4B6F-988E-CBAB782228FC}.Release|Any CPU.Build.0 = Release|Any CPU
		{1E6106D8-FD86-4B6F-988E-CBAB782228FC}.Release|x86.ActiveCfg = Release|x86
		{1E6106D8-FD86-4B6F-988E-CBAB782228FC}.Release|x86.Build.0 = Release|x86
	EndGlobalSection
	GlobalSection(SolutionProperties) = preSolution
		HideSolutionNode = FALSE
	EndGlobalSection
	GlobalSection(ExtensibilityGlobals) = postSolution
		SolutionGuid = {AC94F564-2256-4E40-95FF-4F838C94C698}
	EndGlobalSection
EndGlobal
